
Microsoft Visual Studio Solution File, Format Version 12.00
# Visual Studio Version 16
VisualStudioVersion = 16.0.30804.86
MinimumVisualStudioVersion = 10.0.40219.1
Project("{8BC9CEB8-8B4A-11D0-8D11-00A0C91BC942}") = "C_Primier_Plus_15", "C_Primier_Plus_15.vcxproj", "{3E898C97-84D1-490A-87C5-BBBE7C30BF51}"
EndProject
Global
	GlobalSection(SolutionConfigurationPlatforms) = preSolution
		Debug|x64 = Debug|x64
		Debug|x86 = Debug|x86
		Release|x64 = Release|x64
		Release|x86 = Release|x86
	EndGlobalSection
	GlobalSection(ProjectConfigurationPlatforms) = postSolution
		{3E898C97-84D1-490A-87C5-BBBE7C30BF51}.Debug|x64.ActiveCfg = Debug|x64
		{3E898C97-84D1-490A-87C5-BBBE7C30BF51}.Debug|x64.Build.0 = Debug|x64
		{3E898C97-84D1-490A-87C5-BBBE7C30BF51}.Debug|x86.ActiveCfg = Debug|Win32
		{3E898C97-84D1-490A-87C5-BBBE7C30BF51}.Debug|x86.Build.0 = Debug|Win32
		{3E898C97-84D1-490A-87C5-BBBE7C30BF51}.Release|x64.ActiveCfg = Release|x64
		{3E898C97-84D1-490A-87C5-BBBE7C30BF51}.Release|x64.Build.0 = Release|x64
		{3E898C97-84D1-490A-87C5-BBBE7C30BF51}.Release|x86.ActiveCfg = Release|Win32
		{3E898C97-84D1-490A-87C5-BBBE7C30BF51}.Release|x86.Build.0 = Release|Win32
	EndGlobalSection
	GlobalSection(SolutionProperties) = preSolution
		HideSolutionNode = FALSE
	EndGlobalSection
	GlobalSection(ExtensibilityGlobals) = postSolution
		SolutionGuid = {D2CD4CBC-D50B-439A-B2CC-295B85B09015}
	EndGlobalSection
EndGlobal
